<?xml version="1.0" encoding="utf-8"?>
<Project ToolsVersion="17.0" xmlns="http://schemas.microsoft.com/developer/msbuild/2003">
  <ItemGroup>
    <ClCompile Include="E:\myGit\rcedit\src\main.cc">
      <Filter>Source Files</Filter>
    </ClCompile>
    <ClCompile Include="E:\myGit\rcedit\src\rescle.cc">
      <Filter>Source Files</Filter>
    </ClCompile>
  </ItemGroup>
  <ItemGroup>
    <CustomBuild Include="E:\myGit\rcedit\CMakeLists.txt" />
  </ItemGroup>
  <ItemGroup>
    <ResourceCompile Include="E:\myGit\rcedit\src\rcedit.rc">
      <Filter>Source Files</Filter>
    </ResourceCompile>
  </ItemGroup>
  <ItemGroup>
    <Filter Include="Source Files">
      <UniqueIdentifier>{7F1BD95E-3447-3F1C-BF5F-C2590693BFF1}</UniqueIdentifier>
    </Filter>
  </ItemGroup>
</Project>